{
  "version": "2",
  "remote": {
    "https://deno.land/std@0.149.0/_util/assert.ts": "e94f2eb37cebd7f199952e242c77654e43333c1ac4c5c700e929ea3aa5489f74",
    "https://deno.land/std@0.149.0/flags/mod.ts": "594472736e24b2f2afd3451cf7ccd58a21706ce91006478a544fdfa056c69697",
    "https://deno.land/std@0.151.0/_deno_unstable.ts": "be3276fd42cffb49f51b705c4b0aa8656aaf2a34be22d769455c8e50ea38e51a",
    "https://deno.land/std@0.151.0/_util/assert.ts": "e94f2eb37cebd7f199952e242c77654e43333c1ac4c5c700e929ea3aa5489f74",
    "https://deno.land/std@0.151.0/_util/os.ts": "3b4c6e27febd119d36a416d7a97bd3b0251b77c88942c8f16ee5953ea13e2e49",
    "https://deno.land/std@0.151.0/fs/_util.ts": "2cf50bfb1081c2d5f2efec10ac19abbc2baf478e51cd1b057d0da2f30585b6ba",
    "https://deno.land/std@0.151.0/fs/copy.ts": "9248d1492599957af8c693ceb10a432b09f0b0b61c60a4d6aff29b0c7d3a17b3",
    "https://deno.land/std@0.151.0/fs/empty_dir.ts": "7274d87160de34cbed0531e284df383045cf43543bbeadeb97feac598bd8f3c5",
    "https://deno.land/std@0.151.0/fs/ensure_dir.ts": "9dc109c27df4098b9fc12d949612ae5c9c7169507660dcf9ad90631833209d9d",
    "https://deno.land/std@0.151.0/fs/ensure_file.ts": "7d353e64fee3d4d1e7c6b6726a2a5e987ba402c15fb49566309042887349c545",
    "https://deno.land/std@0.151.0/fs/ensure_link.ts": "489e23df9fe3e6636048b5830ddf0f111eb29621eb85719255ad9bd645f3471b",
    "https://deno.land/std@0.151.0/fs/ensure_symlink.ts": "88dc83de1bc90ed883dd458c2d2eae3d5834a4617d12925734836e1f0803b274",
    "https://deno.land/std@0.151.0/fs/eol.ts": "b92f0b88036de507e7e6fbedbe8f666835ea9dcbf5ac85917fa1fadc919f83a5",
    "https://deno.land/std@0.151.0/fs/exists.ts": "cb734d872f8554ea40b8bff77ad33d4143c1187eac621a55bf37781a43c56f6d",
    "https://deno.land/std@0.151.0/fs/expand_glob.ts": "143400698822117018c3646f4b7d2d418bc5cdede1ec837a8c70013b7711c761",
    "https://deno.land/std@0.151.0/fs/mod.ts": "7111008fcdf935f1bfdf07f881f4d1e152063d146025e9622ae12d1fd5f4d7b8",
    "https://deno.land/std@0.151.0/fs/move.ts": "0573cedcf583f09a9494f2dfccbf67de68a93629942d6b5e6e74a9e45d4e8a2e",
    "https://deno.land/std@0.151.0/fs/walk.ts": "6ce8d87fbaeda23383e979599ad27f3f94b3e5ff0c0cd976b5fc5c2aa0df7d92",
    "https://deno.land/std@0.151.0/path/_constants.ts": "df1db3ffa6dd6d1252cc9617e5d72165cd2483df90e93833e13580687b6083c3",
    "https://deno.land/std@0.151.0/path/_interface.ts": "ee3b431a336b80cf445441109d089b70d87d5e248f4f90ff906820889ecf8d09",
    "https://deno.land/std@0.151.0/path/_util.ts": "c1e9686d0164e29f7d880b2158971d805b6e0efc3110d0b3e24e4b8af2190d2b",
    "https://deno.land/std@0.151.0/path/common.ts": "bee563630abd2d97f99d83c96c2fa0cca7cee103e8cb4e7699ec4d5db7bd2633",
    "https://deno.land/std@0.151.0/path/glob.ts": "cb5255638de1048973c3e69e420c77dc04f75755524cb3b2e160fe9277d939ee",
    "https://deno.land/std@0.151.0/path/mod.ts": "4945b430b759b0b3d98f2a278542cbcf95e0ad2bd8eaaed3c67322b306b2b346",
    "https://deno.land/std@0.151.0/path/posix.ts": "c1f7afe274290ea0b51da07ee205653b2964bd74909a82deb07b69a6cc383aaa",
    "https://deno.land/std@0.151.0/path/separator.ts": "fe1816cb765a8068afb3e8f13ad272351c85cbc739af56dacfc7d93d710fe0f9",
    "https://deno.land/std@0.151.0/path/win32.ts": "bd7549042e37879c68ff2f8576a25950abbfca1d696d41d82c7bca0b7e6f452c",
    "https://esm.sh/v90/graphql@16.5.0": "c7decbea396688889b13d21aa0859a5df441e1ab86280ec98c480ff1e8d85f7d",
    "https://esm.sh/v90/graphql@16.5.0/deno/graphql.js": "c80380e07f65f20fe85e7891b7617a952dabc6cb97ae881f34f79c437a4faa15",
    "https://esm.sh/v90/graphql@16.5.0/error/GraphQLError.d.ts": "e159a655d3f485425c0b36d3708b53fb7b8455d56d17f634f5ac0c5a5b815ecf",
    "https://esm.sh/v90/graphql@16.5.0/error/index.d.ts": "1a01eb6f84f3504a0b670315329b98f5f9b61611d4ee7b361814200df392eca3",
    "https://esm.sh/v90/graphql@16.5.0/error/locatedError.d.ts": "b3ade7da9ad22c24c27df44efc111e867d99463d917604c7a77960f70193ad74",
    "https://esm.sh/v90/graphql@16.5.0/error/syntaxError.d.ts": "066436cecb56b4b8804d0f026e1571a5dfc493fd8a659022c68bfd23d7521aae",
    "https://esm.sh/v90/graphql@16.5.0/execution/execute.d.ts": "1c92b5c17a4e4649251e30adf66aa197338001f3536114454cdd69d5eacab312",
    "https://esm.sh/v90/graphql@16.5.0/execution/index.d.ts": "a55365732f05ba33ff616a42455c3ab3a298d0a6985660b7a3c110b43c14adea",
    "https://esm.sh/v90/graphql@16.5.0/execution/subscribe.d.ts": "66914b5541e56b1a442c3f704db33f57b4bdbe121c191548db5354ff4ecf66ab",
    "https://esm.sh/v90/graphql@16.5.0/execution/values.d.ts": "2f20a447381ffa39718f945164b568afb88fcbc2833c6e7bb5bf6047e126a1ea",
    "https://esm.sh/v90/graphql@16.5.0/graphql.d.ts": "ff31dcf3082db50c7f17ff648a9d643ef51e11ee2f39ae42197e9a394f86397b",
    "https://esm.sh/v90/graphql@16.5.0/index.d.ts": "cb6fa55717e3b1113291bc4a29a9a25a01b90f5870b6fb65a33acadbdda54dda",
    "https://esm.sh/v90/graphql@16.5.0/jsutils/Maybe.d.ts": "0804044cd0488cb7212ddbc1d0f8e1a5bd32970335dbfc613052304a1b0318f9",
    "https://esm.sh/v90/graphql@16.5.0/jsutils/ObjMap.d.ts": "85084ae98c1d319e38ef99b1216d3372a9afd7a368022c01c3351b339d52cb58",
    "https://esm.sh/v90/graphql@16.5.0/jsutils/Path.d.ts": "04825c22d0c91a56dc4311b003d822d12e5b79738309812dc3e27a1e637a8deb",
    "https://esm.sh/v90/graphql@16.5.0/jsutils/PromiseOrValue.d.ts": "692345a43bac37c507fa7065c554258435ab821bbe4fb44b513a70063e932b45",
    "https://esm.sh/v90/graphql@16.5.0/language/ast.d.ts": "714a4ed9bfb44309e8fe8719509f21466d91ab485a256b7d98aabe16856c744b",
    "https://esm.sh/v90/graphql@16.5.0/language/directiveLocation.d.ts": "7920b8aa27a7b6a90bf9f5dc21eedac7f38ca8717ebe70495ab616eb52b3247b",
    "https://esm.sh/v90/graphql@16.5.0/language/index.d.ts": "a4d5ef68f7f3689b289cb4599eb76fe00451e92aa7bd1077e48f1414584ded9e",
    "https://esm.sh/v90/graphql@16.5.0/language/kinds.d.ts": "f473be7c909dbd10c40f013e70da40f24648b2abb01025436fe0a0eecd0e83be",
    "https://esm.sh/v90/graphql@16.5.0/language/lexer.d.ts": "8d327131db69a9cc4d01e3473d842b6a81e4dc4715a279a859653811294932aa",
    "https://esm.sh/v90/graphql@16.5.0/language/location.d.ts": "ffbafb3cf8c8e4b3c1b4641cfa1baae87c5b4dc31b3fed0a7a0d05dbc57e76cc",
    "https://esm.sh/v90/graphql@16.5.0/language/parser.d.ts": "e78587b1404f05ea4afab6ce8348d62da38db93c0e919d25848dda07dfb0fb85",
    "https://esm.sh/v90/graphql@16.5.0/language/predicates.d.ts": "5ba295c85c52a4684099e49666f3e4f79b58a3864382d05df2d9114707aeebb4",
    "https://esm.sh/v90/graphql@16.5.0/language/printLocation.d.ts": "138c4e6156194af1d8b636a9fa9b186f37e4859d34145005efeec880017306f1",
    "https://esm.sh/v90/graphql@16.5.0/language/printer.d.ts": "9b3109d918ed04878463d75d466fecf531d6116d0e67f24f40d4534108e20b0d",
    "https://esm.sh/v90/graphql@16.5.0/language/source.d.ts": "b725acb041d2a18fde8f46c48a1408418489c4aa222f559b1ef47bf267cb4be0",
    "https://esm.sh/v90/graphql@16.5.0/language/tokenKind.d.ts": "c98583f02275727ead0256c97298c15fb77a1c1e473b03c3b61291c63c66d385",
    "https://esm.sh/v90/graphql@16.5.0/language/visitor.d.ts": "eb8528e4f841d4140f8cba3b14cdd5818b1762dba169e7b34bed388e86d6472f",
    "https://esm.sh/v90/graphql@16.5.0/subscription/index.d.ts": "84983e86669718e816659194b9ba6027450c27a4639c5a594469a65b2f954320",
    "https://esm.sh/v90/graphql@16.5.0/type/assertName.d.ts": "93551b302a808f226f0846ad8012354f2d53d6dedc33b540d6ca69836781a574",
    "https://esm.sh/v90/graphql@16.5.0/type/definition.d.ts": "fa119fee8bb68f72f594d140d7ac6197f01876dc97cbffa997b8d7c8130ca2af",
    "https://esm.sh/v90/graphql@16.5.0/type/directives.d.ts": "23c2cd1bfcf77e553473abcfb680f4bd07d13724fdac32fffd8456b5e91ffc92",
    "https://esm.sh/v90/graphql@16.5.0/type/index.d.ts": "d755a8b8126be4f2897ff960acbbb8e9d296477c87d0995eb183944ba35be390",
    "https://esm.sh/v90/graphql@16.5.0/type/introspection.d.ts": "88291abe4c1ee9dc85d655f89da0f2f8c02e440ce983413d2d4b13ceabcfa8cc",
    "https://esm.sh/v90/graphql@16.5.0/type/scalars.d.ts": "252d65207e62ea620ed3d029d01432b6c33089600a9243e1dc416bd98bf17cd0",
    "https://esm.sh/v90/graphql@16.5.0/type/schema.d.ts": "e20e9dc6352b6f3a2c9a8ed9c32e64c4c21169304f143a1d45d03cdcec63a9d3",
    "https://esm.sh/v90/graphql@16.5.0/type/validate.d.ts": "b8f483899f4839f1e114835758de5e873de74ef5eeb0eb58fbc26a517f641e67",
    "https://esm.sh/v90/graphql@16.5.0/utilities/TypeInfo.d.ts": "b03c27aa5f09538bea6c6560b96871de11b8d039b960ebed18cd614fbadd8142",
    "https://esm.sh/v90/graphql@16.5.0/utilities/assertValidName.d.ts": "a04cddbcc7c0fb9bffaebcead4d8a8bcdd7cf85ed6a81e1182f62f8b7943604f",
    "https://esm.sh/v90/graphql@16.5.0/utilities/astFromValue.d.ts": "15d2318d24385a537ffb7a40b96d7e7d0911fd6a9e1e583ffe3dd4e8228af179",
    "https://esm.sh/v90/graphql@16.5.0/utilities/buildASTSchema.d.ts": "ad11a2133d50f9465e9fcb6f3f3e588aeb7e3304b9f8bd70e762d6fc7a47ccf3",
    "https://esm.sh/v90/graphql@16.5.0/utilities/buildClientSchema.d.ts": "d995470b2818ec46d05ee07a7b281da57965f97f89b94674f4302cf55b97c35e",
    "https://esm.sh/v90/graphql@16.5.0/utilities/coerceInputValue.d.ts": "4335cc780470cc8d6c3f4d2605b9cbdce5b0f0a55d83e1e819298a3e3127cf2d",
    "https://esm.sh/v90/graphql@16.5.0/utilities/concatAST.d.ts": "3c0c5717e388beb392ef2dea8e05f205567359a142450649b7824bf5d24cc268",
    "https://esm.sh/v90/graphql@16.5.0/utilities/extendSchema.d.ts": "b20bfaa02b7a07613671ac97e7e039686b753bb1f3a1dd858040e48d2aa3dc0d",
    "https://esm.sh/v90/graphql@16.5.0/utilities/findBreakingChanges.d.ts": "4471dba0a5de6b6dbd2ca69813e699069db75a5c45ce00dfd5a161a930b9ee25",
    "https://esm.sh/v90/graphql@16.5.0/utilities/getIntrospectionQuery.d.ts": "6c221c8e1f1558589d9b10af54b33271902549d19f55903d8016aa9bb2cfd21e",
    "https://esm.sh/v90/graphql@16.5.0/utilities/getOperationAST.d.ts": "e9e5e409afe16dcc5c77dcad421f9d7b9cf5d306c40eb3fc6d16de3608d7e8dd",
    "https://esm.sh/v90/graphql@16.5.0/utilities/getOperationRootType.d.ts": "394faab9d5e96aa7ca7ae0d1aa8f6631f30b3953c6d103dc60c5e6f399d64d1a",
    "https://esm.sh/v90/graphql@16.5.0/utilities/index.d.ts": "8d17bdce4f6418e849dc36acb526b58616e09a1ca9ae0ff80b19215de5d34a3a",
    "https://esm.sh/v90/graphql@16.5.0/utilities/introspectionFromSchema.d.ts": "026e29e1fdb15c90101e6fc2d0de9c9359f00bed11f59e99dc4f24f27e1a6998",
    "https://esm.sh/v90/graphql@16.5.0/utilities/lexicographicSortSchema.d.ts": "feba0aea7626ea869b66e92c4ebdbe4eebb5ed835ea4bad1560d9cca794fb7aa",
    "https://esm.sh/v90/graphql@16.5.0/utilities/printSchema.d.ts": "b68ade7170ed28e70e60d79daf8481d5c7dc9edc32ef8c701d8eddaa3ce7966d",
    "https://esm.sh/v90/graphql@16.5.0/utilities/separateOperations.d.ts": "f35b4afc17d4f89c4c002e439e5a2158e48607a0e5ec3e0ee3ac24dff16e1e45",
    "https://esm.sh/v90/graphql@16.5.0/utilities/stripIgnoredCharacters.d.ts": "85a10f6044c31c62614926e641224fc517b9f81387480d752aa38ab7144ee65a",
    "https://esm.sh/v90/graphql@16.5.0/utilities/typeComparators.d.ts": "9e5c2253b16fbf40e6ca5e8d1c6296f2fc78b9ef39d6d26b426023b5a46ca413",
    "https://esm.sh/v90/graphql@16.5.0/utilities/typeFromAST.d.ts": "e962d436a30ccbc5d0ec78f1353a9bfdff70dd37be2d78826d170db680a01ab9",
    "https://esm.sh/v90/graphql@16.5.0/utilities/typedQueryDocumentNode.d.ts": "20822a47f9603f6cf1afcb8d03877e7e6df31e35e23512c342da483ae96cdc73",
    "https://esm.sh/v90/graphql@16.5.0/utilities/valueFromAST.d.ts": "d6f0ecc5e81dc587c12ce13b8fabe4cae34e2d48b9e110f870ef0b1da750c56e",
    "https://esm.sh/v90/graphql@16.5.0/utilities/valueFromASTUntyped.d.ts": "1dc2a364d7a9d01551943328d6eb1290fc58cb6752175dfa03b4643f9afd5749",
    "https://esm.sh/v90/graphql@16.5.0/validation/ValidationContext.d.ts": "df3d7794e19fe25a99a059c24a21add7bac20603ced76427d75954c59aa08539",
    "https://esm.sh/v90/graphql@16.5.0/validation/index.d.ts": "fb30d5013548d8523c93e0690e9d22f8bb9860a3642b321540415141a51b55b6",
    "https://esm.sh/v90/graphql@16.5.0/validation/rules/ExecutableDefinitionsRule.d.ts": "8454a6c5b1acda7b347481d7b2af01be949ad11911c4275e1eee715e71c1188f",
    "https://esm.sh/v90/graphql@16.5.0/validation/rules/FieldsOnCorrectTypeRule.d.ts": "c32bf36b240ae9755ac069eda92a3d14dc278e03fd3df427b201ac378be9caf6",
    "https://esm.sh/v90/graphql@16.5.0/validation/rules/FragmentsOnCompositeTypesRule.d.ts": "909c18363f4e5bc40a330ede0ca2ddeddd02b2f35570a34566be91de2b188bae",
    "https://esm.sh/v90/graphql@16.5.0/validation/rules/KnownArgumentNamesRule.d.ts": "69bdeaf020f698af81bee7cbb23a42b7028c252cf364803887ed6eb66897f18a",
    "https://esm.sh/v90/graphql@16.5.0/validation/rules/KnownDirectivesRule.d.ts": "2881fd9456e4140dccae964730d81fd39786fc69b95f8d318f50554acaef3a23",
    "https://esm.sh/v90/graphql@16.5.0/validation/rules/KnownFragmentNamesRule.d.ts": "63e4f51e7bf7239b37f7b4a787aea5a3c1ef907f3704b356e7979cbfae8e9815",
    "https://esm.sh/v90/graphql@16.5.0/validation/rules/KnownTypeNamesRule.d.ts": "2c0e2b1d1490ec2e959629fcb8d527068c8ddf46a741f40ceb83e7819a3954fb",
    "https://esm.sh/v90/graphql@16.5.0/validation/rules/LoneAnonymousOperationRule.d.ts": "105c4808216162b62e9b61b45d473cbaa6325387d15912fda0cd61909336eaf6",
    "https://esm.sh/v90/graphql@16.5.0/validation/rules/LoneSchemaDefinitionRule.d.ts": "120b67b53313e30df5cf33143d9e30952d107c7e24bc156c97a733832bb31627",
    "https://esm.sh/v90/graphql@16.5.0/validation/rules/NoFragmentCyclesRule.d.ts": "3beec9071b14808974fe3be17da00631ea71078cf909a17f6a255f8ba650585d",
    "https://esm.sh/v90/graphql@16.5.0/validation/rules/NoUndefinedVariablesRule.d.ts": "4d7b5f2d27c2d34426ed35823366c152313d431f5ae68189d427439906defa45",
    "https://esm.sh/v90/graphql@16.5.0/validation/rules/NoUnusedFragmentsRule.d.ts": "48a8e4453a82be99c93772c044992a94f5241d89e35cf3ecce00b036fbb69970",
    "https://esm.sh/v90/graphql@16.5.0/validation/rules/NoUnusedVariablesRule.d.ts": "3fe2527b2426e54f2b514e375c6beccd2196949c38c082f35f9634bd5c973d79",
    "https://esm.sh/v90/graphql@16.5.0/validation/rules/OverlappingFieldsCanBeMergedRule.d.ts": "767df82d75672cb6fde6fd1829e0ac01f5be22afc2bc211b42df325020aa0e1e",
    "https://esm.sh/v90/graphql@16.5.0/validation/rules/PossibleFragmentSpreadsRule.d.ts": "5a3eb51ee4c5f2e160d0042dad4ad68d7d174451234702681f1b3be89f167c6a",
    "https://esm.sh/v90/graphql@16.5.0/validation/rules/PossibleTypeExtensionsRule.d.ts": "5e04fa03b9c0f229d8719b56b3edaea30183d9469e9beb5e2eadf7b4d1e0e070",
    "https://esm.sh/v90/graphql@16.5.0/validation/rules/ProvidedRequiredArgumentsRule.d.ts": "58830083d772c62f2da1124b5395fe22d7baa6e0c52760665d10d1320ecdc1d0",
    "https://esm.sh/v90/graphql@16.5.0/validation/rules/ScalarLeafsRule.d.ts": "5310c224710108ffe0f20a1936f68f8c0bd8494d58a7472b2e64032dabb02ff0",
    "https://esm.sh/v90/graphql@16.5.0/validation/rules/SingleFieldSubscriptionsRule.d.ts": "c415e18b205b9c6b8b638e033a1840ffe2c853aad276c625ef40e0a93cb13777",
    "https://esm.sh/v90/graphql@16.5.0/validation/rules/UniqueArgumentDefinitionNamesRule.d.ts": "9cfe1d2a22ab3373008c4facb0e93249c339a022771f9e7148ae8bf746dec306",
    "https://esm.sh/v90/graphql@16.5.0/validation/rules/UniqueArgumentNamesRule.d.ts": "937d36e6fa5e556db03bfc8b7dae2b4084615a3a04fe7bf33c42a9e58cbfe9b1",
    "https://esm.sh/v90/graphql@16.5.0/validation/rules/UniqueDirectiveNamesRule.d.ts": "480f2231f3b4fdba191bc41bcbac419cc52cbbe7254565acc4765b7341178e02",
    "https://esm.sh/v90/graphql@16.5.0/validation/rules/UniqueDirectivesPerLocationRule.d.ts": "8d2ee0da940569765e14aec5643e36fbf704588e8877caa7f4e013be390953b3",
    "https://esm.sh/v90/graphql@16.5.0/validation/rules/UniqueEnumValueNamesRule.d.ts": "ea836d0d64bdcd40863cbaea81fcd27ef2ce25edec199a83566ab8b047adc1cc",
    "https://esm.sh/v90/graphql@16.5.0/validation/rules/UniqueFieldDefinitionNamesRule.d.ts": "1d7799efeba0bcda4b60c69527fb5fd883e3b08cd8a3ff699775954e71e67544",
    "https://esm.sh/v90/graphql@16.5.0/validation/rules/UniqueFragmentNamesRule.d.ts": "f34d55fefbf5d2e8aac8618c0946bda11f9a8c0e0fcd229e0fd23cf333be6b82",
    "https://esm.sh/v90/graphql@16.5.0/validation/rules/UniqueInputFieldNamesRule.d.ts": "77893d504d2dfa4b23da4b782db7be1c87ce0e5bf95b4eee94f99069f5d95149",
    "https://esm.sh/v90/graphql@16.5.0/validation/rules/UniqueOperationNamesRule.d.ts": "7b06a1fbcf59b1e813f4d3ec927577509d1af72fc0992d8b2a8d8d8b1d130f1f",
    "https://esm.sh/v90/graphql@16.5.0/validation/rules/UniqueOperationTypesRule.d.ts": "3b8697a7966e75183c04fb51d52719e8b034862a348c410c959fab67b58186d9",
    "https://esm.sh/v90/graphql@16.5.0/validation/rules/UniqueTypeNamesRule.d.ts": "6d3d34e4b3395dfa9f172765adf8bf43b9f6f5322b964ec259a3f8f08fc34377",
    "https://esm.sh/v90/graphql@16.5.0/validation/rules/UniqueVariableNamesRule.d.ts": "4949aa45d8935bb490af56a3ad22e949c025acf3e3048f92ab7d7f1b6bbe9b79",
    "https://esm.sh/v90/graphql@16.5.0/validation/rules/ValuesOfCorrectTypeRule.d.ts": "4661484bcd29ba1bdc1594d78b680c67d2c7272c543875cc00fa2b266f792944",
    "https://esm.sh/v90/graphql@16.5.0/validation/rules/VariablesAreInputTypesRule.d.ts": "6cf690ecc80ba6ee80295fa603f8784d1d350e5aff714d3395a2a6a01dd95a1d",
    "https://esm.sh/v90/graphql@16.5.0/validation/rules/VariablesInAllowedPositionRule.d.ts": "687e163caf5f10a4be9d741f9cc44b6250e4d2a7be1ce1850dc8ee4fc99c2cd3",
    "https://esm.sh/v90/graphql@16.5.0/validation/rules/custom/NoDeprecatedCustomRule.d.ts": "0976e4bdd8240761f0d9d2fc8508c5c4ca8471da20c146f6f60ea3a3564f536f",
    "https://esm.sh/v90/graphql@16.5.0/validation/rules/custom/NoSchemaIntrospectionCustomRule.d.ts": "2908b5c5454ee19dd83d8993f3189d1428b2954de59a8d672df7e6a8e22e09cb",
    "https://esm.sh/v90/graphql@16.5.0/validation/specifiedRules.d.ts": "077f1d6f6e2ab604af4a0d963e8469c6b7fae98a5b9febbba0e31e75f9b820b5",
    "https://esm.sh/v90/graphql@16.5.0/validation/validate.d.ts": "507246f5474832222d374254f1d802a620e8abca0bf83db425f4585356d5be87",
    "https://esm.sh/v90/graphql@16.5.0/version.d.ts": "78647004e18e4c16b8a2e8345fca9267573d1c5a29e11ddfee71858fd077ef6e"
  }
}
